// !$*UTF8*$!
{
	archiveVersion = 1;
	classes = {
	};
	objectVersion = 56;
	objects = {

/* Begin PBXBuildFile section */
		58413C192CA98EB300D2ADF1 /* SignCardsApp.swift in Sources */ = {isa = PBXBuildFile; fileRef = 58413C182CA98EB300D2ADF1 /* SignCardsApp.swift */; };
		58413C1B2CA98EB300D2ADF1 /* ContentView.swift in Sources */ = {isa = PBXBuildFile; fileRef = 58413C1A2CA98EB300D2ADF1 /* ContentView.swift */; };
		58413C1D2CA98EB400D2ADF1 /* Assets.xcassets in Resources */ = {isa = PBXBuildFile; fileRef = 58413C1C2CA98EB400D2ADF1 /* Assets.xcassets */; };
		58413C202CA98EB400D2ADF1 /* Preview Assets.xcassets in Resources */ = {isa = PBXBuildFile; fileRef = 58413C1F2CA98EB400D2ADF1 /* Preview Assets.xcassets */; };
		58413C2A2CA98EB400D2ADF1 /* SignCardsTests.swift in Sources */ = {isa = PBXBuildFile; fileRef = 58413C292CA98EB400D2ADF1 /* SignCardsTests.swift */; };
		58413C342CA98EB400D2ADF1 /* SignCardsUITests.swift in Sources */ = {isa = PBXBuildFile; fileRef = 58413C332CA98EB400D2ADF1 /* SignCardsUITests.swift */; };
		58413C362CA98EB400D2ADF1 /* SignCardsUITestsLaunchTests.swift in Sources */ = {isa = PBXBuildFile; fileRef = 58413C352CA98EB400D2ADF1 /* SignCardsUITestsLaunchTests.swift */; };
/* End PBXBuildFile section */

/* Begin PBXContainerItemProxy section */
		58413C262CA98EB400D2ADF1 /* PBXContainerItemProxy */ = {
			isa = PBXContainerItemProxy;
			containerPortal = 58413C0D2CA98EB300D2ADF1 /* Project object */;
			proxyType = 1;
			remoteGlobalIDString = 58413C142CA98EB300D2ADF1;
			remoteInfo = SignCards;
		};
		58413C302CA98EB400D2ADF1 /* PBXContainerItemProxy */ = {
			isa = PBXContainerItemProxy;
			containerPortal = 58413C0D2CA98EB300D2ADF1 /* Project object */;
			proxyType = 1;
			remoteGlobalIDString = 58413C142CA98EB300D2ADF1;
			remoteInfo = SignCards;
		};
/* End PBXContainerItemProxy section */

/* Begin PBXFileReference section */
		58413C152CA98EB300D2ADF1 /* SignCards.app */ = {isa = PBXFileReference; explicitFileType = wrapper.application; includeInIndex = 0; path = SignCards.app; sourceTree = BUILT_PRODUCTS_DIR; };
		58413C182CA98EB300D2ADF1 /* SignCardsApp.swift */ = {isa = PBXFileReference; lastKnownFileType = sourcecode.swift; path = SignCardsApp.swift; sourceTree = "<group>"; };
		58413C1A2CA98EB300D2ADF1 /* ContentView.swift */ = {isa = PBXFileReference; lastKnownFileType = sourcecode.swift; path = ContentView.swift; sourceTree = "<group>"; };
		58413C1C2CA98EB400D2ADF1 /* Assets.xcassets */ = {isa = PBXFileReference; lastKnownFileType = folder.assetcatalog; path = Assets.xcassets; sourceTree = "<group>"; };
		58413C1F2CA98EB400D2ADF1 /* Preview Assets.xcassets */ = {isa = PBXFileReference; lastKnownFileType = folder.assetcatalog; path = "Preview Assets.xcassets"; sourceTree = "<group>"; };
		58413C252CA98EB400D2ADF1 /* SignCardsTests.xctest */ = {isa = PBXFileReference; explicitFileType = wrapper.cfbundle; includeInIndex = 0; path = SignCardsTests.xctest; sourceTree = BUILT_PRODUCTS_DIR; };
		58413C292CA98EB400D2ADF1 /* SignCardsTests.swift */ = {isa = PBXFileReference; lastKnownFileType = sourcecode.swift; path = SignCardsTests.swift; sourceTree = "<group>"; };
		58413C2F2CA98EB400D2ADF1 /* SignCardsUITests.xctest */ = {isa = PBXFileReference; explicitFileType = wrapper.cfbundle; includeInIndex = 0; path = SignCardsUITests.xctest; sourceTree = BUILT_PRODUCTS_DIR; };
		58413C332CA98EB400D2ADF1 /* SignCardsUITests.swift */ = {isa = PBXFileReference; lastKnownFileType = sourcecode.swift; path = SignCardsUITests.swift; sourceTree = "<group>"; };
		58413C352CA98EB400D2ADF1 /* SignCardsUITestsLaunchTests.swift */ = {isa = PBXFileReference; lastKnownFileType = sourcecode.swift; path = SignCardsUITestsLaunchTests.swift; sourceTree = "<group>"; };
/* End PBXFileReference section */

/* Begin PBXFrameworksBuildPhase section */
		58413C122CA98EB300D2ADF1 /* Frameworks */ = {
			isa = PBXFrameworksBuildPhase;
			buildActionMask = 2147483647;
			files = (
			);
			runOnlyForDeploymentPostprocessing = 0;
		};
		58413C222CA98EB400D2ADF1 /* Frameworks */ = {
			isa = PBXFrameworksBuildPhase;
			buildActionMask = 2147483647;
			files = (
			);
			runOnlyForDeploymentPostprocessing = 0;
		};
		58413C2C2CA98EB400D2ADF1 /* Frameworks */ = {
			isa = PBXFrameworksBuildPhase;
			buildActionMask = 2147483647;
			files = (
			);
			runOnlyForDeploymentPostprocessing = 0;
		};
/* End PBXFrameworksBuildPhase section */

/* Begin PBXGroup section */
		58413C0C2CA98EB300D2ADF1 = {
			isa = PBXGroup;
			children = (
				58413C172CA98EB300D2ADF1 /* SignCards */,
				58413C282CA98EB400D2ADF1 /* SignCardsTests */,
				58413C322CA98EB400D2ADF1 /* SignCardsUITests */,
				58413C162CA98EB300D2ADF1 /* Products */,
			);
			sourceTree = "<group>";
		};
		58413C162CA98EB300D2ADF1 /* Products */ = {
			isa = PBXGroup;
			children = (
				58413C152CA98EB300D2ADF1 /* SignCards.app */,
				58413C252CA98EB400D2ADF1 /* SignCardsTests.xctest */,
				58413C2F2CA98EB400D2ADF1 /* SignCardsUITests.xctest */,
			);
			name = Products;
			sourceTree = "<group>";
		};
		58413C172CA98EB300D2ADF1 /* SignCards */ = {
			isa = PBXGroup;
			children = (
				58413C182CA98EB300D2ADF1 /* SignCardsApp.swift */,
				58413C1A2CA98EB300D2ADF1 /* ContentView.swift */,
				58413C1C2CA98EB400D2ADF1 /* Assets.xcassets */,
				58413C1E2CA98EB400D2ADF1 /* Preview Content */,
			);
			path = SignCards;
			sourceTree = "<group>";
		};
		58413C1E2CA98EB400D2ADF1 /* Preview Content */ = {
			isa = PBXGroup;
			children = (
				58413C1F2CA98EB400D2ADF1 /* Preview Assets.xcassets */,
			);
			path = "Preview Content";
			sourceTree = "<group>";
		};
		58413C282CA98EB400D2ADF1 /* SignCardsTests */ = {
			isa = PBXGroup;
			children = (
				58413C292CA98EB400D2ADF1 /* SignCardsTests.swift */,
			);
			path = SignCardsTests;
			sourceTree = "<group>";
		};
		58413C322CA98EB400D2ADF1 /* SignCardsUITests */ = {
			isa = PBXGroup;
			children = (
				58413C332CA98EB400D2ADF1 /* SignCardsUITests.swift */,
				58413C352CA98EB400D2ADF1 /* SignCardsUITestsLaunchTests.swift */,
			);
			path = SignCardsUITests;
			sourceTree = "<group>";
		};
/* End PBXGroup section */

/* Begin PBXNativeTarget section */
		58413C142CA98EB300D2ADF1 /* SignCards */ = {
			isa = PBXNativeTarget;
			buildConfigurationList = 58413C392CA98EB400D2ADF1 /* Build configuration list for PBXNativeTarget "SignCards" */;
			buildPhases = (
				58413C112CA98EB300D2ADF1 /* Sources */,
				58413C122CA98EB300D2ADF1 /* Frameworks */,
				58413C132CA98EB300D2ADF1 /* Resources */,
			);
			buildRules = (
			);
			dependencies = (
			);
			name = SignCards;
			productName = SignCards;
			productReference = 58413C152CA98EB300D2ADF1 /* SignCards.app */;
			productType = "com.apple.product-type.application";
		};
		58413C242CA98EB400D2ADF1 /* SignCardsTests */ = {
			isa = PBXNativeTarget;
			buildConfigurationList = 58413C3C2CA98EB400D2ADF1 /* Build configuration list for PBXNativeTarget "SignCardsTests" */;
			buildPhases = (
				58413C212CA98EB400D2ADF1 /* Sources */,
				58413C222CA98EB400D2ADF1 /* Frameworks */,
				58413C232CA98EB400D2ADF1 /* Resources */,
			);
			buildRules = (
			);
			dependencies = (
				58413C272CA98EB400D2ADF1 /* PBXTargetDependency */,
			);
			name = SignCardsTests;
			productName = SignCardsTests;
			productReference = 58413C252CA98EB400D2ADF1 /* SignCardsTests.xctest */;
			productType = "com.apple.product-type.bundle.unit-test";
		};
		58413C2E2CA98EB400D2ADF1 /* SignCardsUITests */ = {
			isa = PBXNativeTarget;
			buildConfigurationList = 58413C3F2CA98EB400D2ADF1 /* Build configuration list for PBXNativeTarget "SignCardsUITests" */;
			buildPhases = (
				58413C2B2CA98EB400D2ADF1 /* Sources */,
				58413C2C2CA98EB400D2ADF1 /* Frameworks */,
				58413C2D2CA98EB400D2ADF1 /* Resources */,
			);
			buildRules = (
			);
			dependencies = (
				58413C312CA98EB400D2ADF1 /* PBXTargetDependency */,
			);
			name = SignCardsUITests;
			productName = SignCardsUITests;
			productReference = 58413C2F2CA98EB400D2ADF1 /* SignCardsUITests.xctest */;
			productType = "com.apple.product-type.bundle.ui-testing";
		};
/* End PBXNativeTarget section */

/* Begin PBXProject section */
		58413C0D2CA98EB300D2ADF1 /* Project object */ = {
			isa = PBXProject;
			attributes = {
				BuildIndependentTargetsInParallel = 1;
				LastSwiftUpdateCheck = 1540;
				LastUpgradeCheck = 1540;
				TargetAttributes = {
					58413C142CA98EB300D2ADF1 = {
						CreatedOnToolsVersion = 15.4;
					};
					58413C242CA98EB400D2ADF1 = {
						CreatedOnToolsVersion = 15.4;
						TestTargetID = 58413C142CA98EB300D2ADF1;
					};
					58413C2E2CA98EB400D2ADF1 = {
						CreatedOnToolsVersion = 15.4;
						TestTargetID = 58413C142CA98EB300D2ADF1;
					};
				};
			};
			buildConfigurationList = 58413C102CA98EB300D2ADF1 /* Build configuration list for PBXProject "SignCards" */;
			compatibilityVersion = "Xcode 14.0";
			developmentRegion = en;
			hasScannedForEncodings = 0;
			knownRegions = (
				en,
				Base,
			);
			mainGroup = 58413C0C2CA98EB300D2ADF1;
			productRefGroup = 58413C162CA98EB300D2ADF1 /* Products */;
			projectDirPath = "";
			projectRoot = "";
			targets = (
				58413C142CA98EB300D2ADF1 /* SignCards */,
				58413C242CA98EB400D2ADF1 /* SignCardsTests */,
				58413C2E2CA98EB400D2ADF1 /* SignCardsUITests */,
			);
		};
/* End PBXProject section */

/* Begin PBXResourcesBuildPhase section */
		58413C132CA98EB300D2ADF1 /* Resources */ = {
			isa = PBXResourcesBuildPhase;
			buildActionMask = 2147483647;
			files = (
				58413C202CA98EB400D2ADF1 /* Preview Assets.xcassets in Resources */,
				58413C1D2CA98EB400D2ADF1 /* Assets.xcassets in Resources */,
			);
			runOnlyForDeploymentPostprocessing = 0;
		};
		58413C232CA98EB400D2ADF1 /* Resources */ = {
			isa = PBXResourcesBuildPhase;
			buildActionMask = 2147483647;
			files = (
			);
			runOnlyForDeploymentPostprocessing = 0;
		};
		58413C2D2CA98EB400D2ADF1 /* Resources */ = {
			isa = PBXResourcesBuildPhase;
			buildActionMask = 2147483647;
			files = (
			);
			runOnlyForDeploymentPostprocessing = 0;
		};
/* End PBXResourcesBuildPhase section */

/* Begin PBXSourcesBuildPhase section */
		58413C112CA98EB300D2ADF1 /* Sources */ = {
			isa = PBXSourcesBuildPhase;
			buildActionMask = 2147483647;
			files = (
				58413C1B2CA98EB300D2ADF1 /* ContentView.swift in Sources */,
				58413C192CA98EB300D2ADF1 /* SignCardsApp.swift in Sources */,
			);
			runOnlyForDeploymentPostprocessing = 0;
		};
		58413C212CA98EB400D2ADF1 /* Sources */ = {
			isa = PBXSourcesBuildPhase;
			buildActionMask = 2147483647;
			files = (
				58413C2A2CA98EB400D2ADF1 /* SignCardsTests.swift in Sources */,
			);
			runOnlyForDeploymentPostprocessing = 0;
		};
		58413C2B2CA98EB400D2ADF1 /* Sources */ = {
			isa = PBXSourcesBuildPhase;
			buildActionMask = 2147483647;
			files = (
				58413C342CA98EB400D2ADF1 /* SignCardsUITests.swift in Sources */,
				58413C362CA98EB400D2ADF1 /* SignCardsUITestsLaunchTests.swift in Sources */,
			);
			runOnlyForDeploymentPostprocessing = 0;
		};
/* End PBXSourcesBuildPhase section */

/* Begin PBXTargetDependency section */
		58413C272CA98EB400D2ADF1 /* PBXTargetDependency */ = {
			isa = PBXTargetDependency;
			target = 58413C142CA98EB300D2ADF1 /* SignCards */;
			targetProxy = 58413C262CA98EB400D2ADF1 /* PBXContainerItemProxy */;
		};
		58413C312CA98EB400D2ADF1 /* PBXTargetDependency */ = {
			isa = PBXTargetDependency;
			target = 58413C142CA98EB300D2ADF1 /* SignCards */;
			targetProxy = 58413C302CA98EB400D2ADF1 /* PBXContainerItemProxy */;
		};
/* End PBXTargetDependency section */

/* Begin XCBuildConfiguration section */
		58413C372CA98EB400D2ADF1 /* Debug */ = {
			isa = XCBuildConfiguration;
			buildSettings = {
				ALWAYS_SEARCH_USER_PATHS = NO;
				ASSETCATALOG_COMPILER_GENERATE_SWIFT_ASSET_SYMBOL_EXTENSIONS = YES;
				CLANG_ANALYZER_NONNULL = YES;
				CLANG_ANALYZER_NUMBER_OBJECT_CONVERSION = YES_AGGRESSIVE;
				CLANG_CXX_LANGUAGE_STANDARD = "gnu++20";
				CLANG_ENABLE_MODULES = YES;
				CLANG_ENABLE_OBJC_ARC = YES;
				CLANG_ENABLE_OBJC_WEAK = YES;
				CLANG_WARN_BLOCK_CAPTURE_AUTORELEASING = YES;
				CLANG_WARN_BOOL_CONVERSION = YES;
				CLANG_WARN_COMMA = YES;
				CLANG_WARN_CONSTANT_CONVERSION = YES;
				CLANG_WARN_DEPRECATED_OBJC_IMPLEMENTATIONS = YES;
				CLANG_WARN_DIRECT_OBJC_ISA_USAGE = YES_ERROR;
				CLANG_WARN_DOCUMENTATION_COMMENTS = YES;
				CLANG_WARN_EMPTY_BODY = YES;
				CLANG_WARN_ENUM_CONVERSION = YES;
				CLANG_WARN_INFINITE_RECURSION = YES;
				CLANG_WARN_INT_CONVERSION = YES;
				CLANG_WARN_NON_LITERAL_NULL_CONVERSION = YES;
				CLANG_WARN_OBJC_IMPLICIT_RETAIN_SELF = YES;
				CLANG_WARN_OBJC_LITERAL_CONVERSION = YES;
				CLANG_WARN_OBJC_ROOT_CLASS = YES_ERROR;
				CLANG_WARN_QUOTED_INCLUDE_IN_FRAMEWORK_HEADER = YES;
				CLANG_WARN_RANGE_LOOP_ANALYSIS = YES;
				CLANG_WARN_STRICT_PROTOTYPES = YES;
				CLANG_WARN_SUSPICIOUS_MOVE = YES;
				CLANG_WARN_UNGUARDED_AVAILABILITY = YES_AGGRESSIVE;
				CLANG_WARN_UNREACHABLE_CODE = YES;
				CLANG_WARN__DUPLICATE_METHOD_MATCH = YES;
				COPY_PHASE_STRIP = NO;
				DEBUG_INFORMATION_FORMAT = dwarf;
				ENABLE_STRICT_OBJC_MSGSEND = YES;
				ENABLE_TESTABILITY = YES;
				ENABLE_USER_SCRIPT_SANDBOXING = YES;
				GCC_C_LANGUAGE_STANDARD = gnu17;
				GCC_DYNAMIC_NO_PIC = NO;
				GCC_NO_COMMON_BLOCKS = YES;
				GCC_OPTIMIZATION_LEVEL = 0;
				GCC_PREPROCESSOR_DEFINITIONS = (
					"DEBUG=1",
					"$(inherited)",
				);
				GCC_WARN_64_TO_32_BIT_CONVERSION = YES;
				GCC_WARN_ABOUT_RETURN_TYPE = YES_ERROR;
				GCC_WARN_UNDECLARED_SELECTOR = YES;
				GCC_WARN_UNINITIALIZED_AUTOS = YES_AGGRESSIVE;
				GCC_WARN_UNUSED_FUNCTION = YES;
				GCC_WARN_UNUSED_VARIABLE = YES;
				IPHONEOS_DEPLOYMENT_TARGET = 17.5;
				LOCALIZATION_PREFERS_STRING_CATALOGS = YES;
				MTL_ENABLE_DEBUG_INFO = INCLUDE_SOURCE;
				MTL_FAST_MATH = YES;
				ONLY_ACTIVE_ARCH = YES;
				SDKROOT = iphoneos;
				SWIFT_ACTIVE_COMPILATION_CONDITIONS = "DEBUG $(inherited)";
				SWIFT_OPTIMIZATION_LEVEL = "-Onone";
			};
			name = Debug;
		};
		58413C382CA98EB400D2ADF1 /* Release */ = {
			isa = XCBuildConfiguration;
			buildSettings = {
				ALWAYS_SEARCH_USER_PATHS = NO;
				ASSETCATALOG_COMPILER_GENERATE_SWIFT_ASSET_SYMBOL_EXTENSIONS = YES;
				CLANG_ANALYZER_NONNULL = YES;
				CLANG_ANALYZER_NUMBER_OBJECT_CONVERSION = YES_AGGRESSIVE;
				CLANG_CXX_LANGUAGE_STANDARD = "gnu++20";
				CLANG_ENABLE_MODULES = YES;
				CLANG_ENABLE_OBJC_ARC = YES;
				CLANG_ENABLE_OBJC_WEAK = YES;
				CLANG_WARN_BLOCK_CAPTURE_AUTORELEASING = YES;
				CLANG_WARN_BOOL_CONVERSION = YES;
				CLANG_WARN_COMMA = YES;
				CLANG_WARN_CONSTANT_CONVERSION = YES;
				CLANG_WARN_DEPRECATED_OBJC_IMPLEMENTATIONS = YES;
				CLANG_WARN_DIRECT_OBJC_ISA_USAGE = YES_ERROR;
				CLANG_WARN_DOCUMENTATION_COMMENTS = YES;
				CLANG_WARN_EMPTY_BODY = YES;
				CLANG_WARN_ENUM_CONVERSION = YES;
				CLANG_WARN_INFINITE_RECURSION = YES;
				CLANG_WARN_INT_CONVERSION = YES;
				CLANG_WARN_NON_LITERAL_NULL_CONVERSION = YES;
				CLANG_WARN_OBJC_IMPLICIT_RETAIN_SELF = YES;
				CLANG_WARN_OBJC_LITERAL_CONVERSION = YES;
				CLANG_WARN_OBJC_ROOT_CLASS = YES_ERROR;
				CLANG_WARN_QUOTED_INCLUDE_IN_FRAMEWORK_HEADER = YES;
				CLANG_WARN_RANGE_LOOP_ANALYSIS = YES;
				CLANG_WARN_STRICT_PROTOTYPES = YES;
				CLANG_WARN_SUSPICIOUS_MOVE = YES;
				CLANG_WARN_UNGUARDED_AVAILABILITY = YES_AGGRESSIVE;
				CLANG_WARN_UNREACHABLE_CODE = YES;
				CLANG_WARN__DUPLICATE_METHOD_MATCH = YES;
				COPY_PHASE_STRIP = NO;
				DEBUG_INFORMATION_FORMAT = "dwarf-with-dsym";
				ENABLE_NS_ASSERTIONS = NO;
				ENABLE_STRICT_OBJC_MSGSEND = YES;
				ENABLE_USER_SCRIPT_SANDBOXING = YES;
				GCC_C_LANGUAGE_STANDARD = gnu17;
				GCC_NO_COMMON_BLOCKS = YES;
				GCC_WARN_64_TO_32_BIT_CONVERSION = YES;
				GCC_WARN_ABOUT_RETURN_TYPE = YES_ERROR;
				GCC_WARN_UNDECLARED_SELECTOR = YES;
				GCC_WARN_UNINITIALIZED_AUTOS = YES_AGGRESSIVE;
				GCC_WARN_UNUSED_FUNCTION = YES;
				GCC_WARN_UNUSED_VARIABLE = YES;
				IPHONEOS_DEPLOYMENT_TARGET = 17.5;
				LOCALIZATION_PREFERS_STRING_CATALOGS = YES;
				MTL_ENABLE_DEBUG_INFO = NO;
				MTL_FAST_MATH = YES;
				SDKROOT = iphoneos;
				SWIFT_COMPILATION_MODE = wholemodule;
				VALIDATE_PRODUCT = YES;
			};
			name = Release;
		};
		58413C3A2CA98EB400D2ADF1 /* Debug */ = {
			isa = XCBuildConfiguration;
			buildSettings = {
				ASSETCATALOG_COMPILER_APPICON_NAME = AppIcon;
				ASSETCATALOG_COMPILER_GLOBAL_ACCENT_COLOR_NAME = AccentColor;
				CODE_SIGN_STYLE = Automatic;
				CURRENT_PROJECT_VERSION = 1;
				DEVELOPMENT_ASSET_PATHS = "\"SignCards/Preview Content\"";
				ENABLE_PREVIEWS = YES;
				GENERATE_INFOPLIST_FILE = YES;
				INFOPLIST_KEY_UIApplicationSceneManifest_Generation = YES;
				INFOPLIST_KEY_UIApplicationSupportsIndirectInputEvents = YES;
				INFOPLIST_KEY_UILaunchScreen_Generation = YES;
				INFOPLIST_KEY_UISupportedInterfaceOrientations_iPad = "UIInterfaceOrientationPortrait UIInterfaceOrientationPortraitUpsideDown UIInterfaceOrientationLandscapeLeft UIInterfaceOrientationLandscapeRight";
				INFOPLIST_KEY_UISupportedInterfaceOrientations_iPhone = "UIInterfaceOrientationPortrait UIInterfaceOrientationLandscapeLeft UIInterfaceOrientationLandscapeRight";
				LD_RUNPATH_SEARCH_PATHS = (
					"$(inherited)",
					"@executable_path/Frameworks",
				);
				MARKETING_VERSION = 1.0;
				PRODUCT_BUNDLE_IDENTIFIER = smayah.SignCards;
				PRODUCT_NAME = "$(TARGET_NAME)";
				SWIFT_EMIT_LOC_STRINGS = YES;
				SWIFT_VERSION = 5.0;
				TARGETED_DEVICE_FAMILY = "1,2";
			};
			name = Debug;
		};
		58413C3B2CA98EB400D2ADF1 /* Release */ = {
			isa = XCBuildConfiguration;
			buildSettings = {
				ASSETCATALOG_COMPILER_APPICON_NAME = AppIcon;
				ASSETCATALOG_COMPILER_GLOBAL_ACCENT_COLOR_NAME = AccentColor;
				CODE_SIGN_STYLE = Automatic;
				CURRENT_PROJECT_VERSION = 1;
				DEVELOPMENT_ASSET_PATHS = "\"SignCards/Preview Content\"";
				ENABLE_PREVIEWS = YES;
				GENERATE_INFOPLIST_FILE = YES;
				INFOPLIST_KEY_UIApplicationSceneManifest_Generation = YES;
				INFOPLIST_KEY_UIApplicationSupportsIndirectInputEvents = YES;
				INFOPLIST_KEY_UILaunchScreen_Generation = YES;
				INFOPLIST_KEY_UISupportedInterfaceOrientations_iPad = "UIInterfaceOrientationPortrait UIInterfaceOrientationPortraitUpsideDown UIInterfaceOrientationLandscapeLeft UIInterfaceOrientationLandscapeRight";
				INFOPLIST_KEY_UISupportedInterfaceOrientations_iPhone = "UIInterfaceOrientationPortrait UIInterfaceOrientationLandscapeLeft UIInterfaceOrientationLandscapeRight";
				LD_RUNPATH_SEARCH_PATHS = (
					"$(inherited)",
					"@executable_path/Frameworks",
				);
				MARKETING_VERSION = 1.0;
				PRODUCT_BUNDLE_IDENTIFIER = smayah.SignCards;
				PRODUCT_NAME = "$(TARGET_NAME)";
				SWIFT_EMIT_LOC_STRINGS = YES;
				SWIFT_VERSION = 5.0;
				TARGETED_DEVICE_FAMILY = "1,2";
			};
			name = Release;
		};
		58413C3D2CA98EB400D2ADF1 /* Debug */ = {
			isa = XCBuildConfiguration;
			buildSettings = {
				ALWAYS_EMBED_SWIFT_STANDARD_LIBRARIES = YES;
				BUNDLE_LOADER = "$(TEST_HOST)";
				CODE_SIGN_STYLE = Automatic;
				CURRENT_PROJECT_VERSION = 1;
				GENERATE_INFOPLIST_FILE = YES;
				IPHONEOS_DEPLOYMENT_TARGET = 17.5;
				MARKETING_VERSION = 1.0;
				PRODUCT_BUNDLE_IDENTIFIER = smayah.SignCardsTests;
				PRODUCT_NAME = "$(TARGET_NAME)";
				SWIFT_EMIT_LOC_STRINGS = NO;
				SWIFT_VERSION = 5.0;
				TARGETED_DEVICE_FAMILY = "1,2";
				TEST_HOST = "$(BUILT_PRODUCTS_DIR)/SignCards.app/$(BUNDLE_EXECUTABLE_FOLDER_PATH)/SignCards";
			};
			name = Debug;
		};
		58413C3E2CA98EB400D2ADF1 /* Release */ = {
			isa = XCBuildConfiguration;
			buildSettings = {
				ALWAYS_EMBED_SWIFT_STANDARD_LIBRARIES = YES;
				BUNDLE_LOADER = "$(TEST_HOST)";
				CODE_SIGN_STYLE = Automatic;
				CURRENT_PROJECT_VERSION = 1;
				GENERATE_INFOPLIST_FILE = YES;
				IPHONEOS_DEPLOYMENT_TARGET = 17.5;
				MARKETING_VERSION = 1.0;
				PRODUCT_BUNDLE_IDENTIFIER = smayah.SignCardsTests;
				PRODUCT_NAME = "$(TARGET_NAME)";
				SWIFT_EMIT_LOC_STRINGS = NO;
				SWIFT_VERSION = 5.0;
				TARGETED_DEVICE_FAMILY = "1,2";
				TEST_HOST = "$(BUILT_PRODUCTS_DIR)/SignCards.app/$(BUNDLE_EXECUTABLE_FOLDER_PATH)/SignCards";
			};
			name = Release;
		};
		58413C402CA98EB400D2ADF1 /* Debug */ = {
			isa = XCBuildConfiguration;
			buildSettings = {
				ALWAYS_EMBED_SWIFT_STANDARD_LIBRARIES = YES;
				CODE_SIGN_STYLE = Automatic;
				CURRENT_PROJECT_VERSION = 1;
				GENERATE_INFOPLIST_FILE = YES;
				MARKETING_VERSION = 1.0;
				PRODUCT_BUNDLE_IDENTIFIER = smayah.SignCardsUITests;
				PRODUCT_NAME = "$(TARGET_NAME)";
				SWIFT_EMIT_LOC_STRINGS = NO;
				SWIFT_VERSION = 5.0;
				TARGETED_DEVICE_FAMILY = "1,2";
				TEST_TARGET_NAME = SignCards;
			};
			name = Debug;
		};
		58413C412CA98EB400D2ADF1 /* Release */ = {
			isa = XCBuildConfiguration;
			buildSettings = {
				ALWAYS_EMBED_SWIFT_STANDARD_LIBRARIES = YES;
				CODE_SIGN_STYLE = Automatic;
				CURRENT_PROJECT_VERSION = 1;
				GENERATE_INFOPLIST_FILE = YES;
				MARKETING_VERSION = 1.0;
				PRODUCT_BUNDLE_IDENTIFIER = smayah.SignCardsUITests;
				PRODUCT_NAME = "$(TARGET_NAME)";
				SWIFT_EMIT_LOC_STRINGS = NO;
				SWIFT_VERSION = 5.0;
				TARGETED_DEVICE_FAMILY = "1,2";
				TEST_TARGET_NAME = SignCards;
			};
			name = Release;
		};
/* End XCBuildConfiguration section */

/* Begin XCConfigurationList section */
		58413C102CA98EB300D2ADF1 /* Build configuration list for PBXProject "SignCards" */ = {
			isa = XCConfigurationList;
			buildConfigurations = (
				58413C372CA98EB400D2ADF1 /* Debug */,
				58413C382CA98EB400D2ADF1 /* Release */,
			);
			defaultConfigurationIsVisible = 0;
			defaultConfigurationName = Release;
		};
		58413C392CA98EB400D2ADF1 /* Build configuration list for PBXNativeTarget "SignCards" */ = {
			isa = XCConfigurationList;
			buildConfigurations = (
				58413C3A2CA98EB400D2ADF1 /* Debug */,
				58413C3B2CA98EB400D2ADF1 /* Release */,
			);
			defaultConfigurationIsVisible = 0;
			defaultConfigurationName = Release;
		};
		58413C3C2CA98EB400D2ADF1 /* Build configuration list for PBXNativeTarget "SignCardsTests" */ = {
			isa = XCConfigurationList;
			buildConfigurations = (
				58413C3D2CA98EB400D2ADF1 /* Debug */,
				58413C3E2CA98EB400D2ADF1 /* Release */,
			);
			defaultConfigurationIsVisible = 0;
			defaultConfigurationName = Release;
		};
		58413C3F2CA98EB400D2ADF1 /* Build configuration list for PBXNativeTarget "SignCardsUITests" */ = {
			isa = XCConfigurationList;
			buildConfigurations = (
				58413C402CA98EB400D2ADF1 /* Debug */,
				58413C412CA98EB400D2ADF1 /* Release */,
			);
			defaultConfigurationIsVisible = 0;
			defaultConfigurationName = Release;
		};
/* End XCConfigurationList section */
	};
	rootObject = 58413C0D2CA98EB300D2ADF1 /* Project object */;
}
